
Microsoft Visual Studio Solution File, Format Version 12.00
# Visual Studio Version 17
VisualStudioVersion = 17.1.32319.34
MinimumVisualStudioVersion = 10.0.40219.1
Project("{FAE04EC0-301F-11D3-BF4B-00C04F79EFBC}") = "QuizWebApi", "QuizWebApi\QuizWebApi.csproj", "{A59626B1-EC72-482D-9731-6FBC005E187B}"
EndProject
Project("{FAE04EC0-301F-11D3-BF4B-00C04F79EFBC}") = "Quiz.Business", "Quiz.Business\Quiz.Business.csproj", "{2B0CBDA4-D13E-47C1-B7C0-061DE039F3D1}"
EndProject
Project("{FAE04EC0-301F-11D3-BF4B-00C04F79EFBC}") = "Quiz.Data", "Quiz.Data\Quiz.Data.csproj", "{5DD1A5DB-F8C3-4E34-91C5-95C0A4779C85}"
EndProject
Global
	GlobalSection(SolutionConfigurationPlatforms) = preSolution
		Debug|Any CPU = Debug|Any CPU
		Release|Any CPU = Release|Any CPU
	EndGlobalSection
	GlobalSection(ProjectConfigurationPlatforms) = postSolution
		{A59626B1-EC72-482D-9731-6FBC005E187B}.Debug|Any CPU.ActiveCfg = Debug|Any CPU
		{A59626B1-EC72-482D-9731-6FBC005E187B}.Debug|Any CPU.Build.0 = Debug|Any CPU
		{A59626B1-EC72-482D-9731-6FBC005E187B}.Release|Any CPU.ActiveCfg = Release|Any CPU
		{A59626B1-EC72-482D-9731-6FBC005E187B}.Release|Any CPU.Build.0 = Release|Any CPU
		{2B0CBDA4-D13E-47C1-B7C0-061DE039F3D1}.Debug|Any CPU.ActiveCfg = Debug|Any CPU
		{2B0CBDA4-D13E-47C1-B7C0-061DE039F3D1}.Debug|Any CPU.Build.0 = Debug|Any CPU
		{2B0CBDA4-D13E-47C1-B7C0-061DE039F3D1}.Release|Any CPU.ActiveCfg = Release|Any CPU
		{2B0CBDA4-D13E-47C1-B7C0-061DE039F3D1}.Release|Any CPU.Build.0 = Release|Any CPU
		{5DD1A5DB-F8C3-4E34-91C5-95C0A4779C85}.Debug|Any CPU.ActiveCfg = Debug|Any CPU
		{5DD1A5DB-F8C3-4E34-91C5-95C0A4779C85}.Debug|Any CPU.Build.0 = Debug|Any CPU
		{5DD1A5DB-F8C3-4E34-91C5-95C0A4779C85}.Release|Any CPU.ActiveCfg = Release|Any CPU
		{5DD1A5DB-F8C3-4E34-91C5-95C0A4779C85}.Release|Any CPU.Build.0 = Release|Any CPU
	EndGlobalSection
	GlobalSection(SolutionProperties) = preSolution
		HideSolutionNode = FALSE
	EndGlobalSection
	GlobalSection(ExtensibilityGlobals) = postSolution
		SolutionGuid = {2AB12A39-5B09-4D2E-919A-A10CEB923165}
	EndGlobalSection
EndGlobal
